{
  "pins" : [
    {
      "identity" : "bluejay",
      "kind" : "remoteSourceControl",
      "location" : "https://github.com/DantePuglisi/bluejay",
      "state" : {
        "branch" : "fail-when-wrong-characteristic-property",
        "revision" : "ceba79e911449d7ab29aa234d749962befbc9d16"
      }
    },
    {
      "identity" : "hw-transport-ios-ble",
      "kind" : "remoteSourceControl",
      "location" : "https://github.com/LedgerHQ/hw-transport-ios-ble",
      "state" : {
        "branch" : "main",
        "revision" : "e91f59862b1934733475731ad0ad6d585ee62042"
      }
    }
  ],
  "version" : 2
}
