{
  "pins" : [
    {
      "identity" : "base58swift",
      "kind" : "remoteSourceControl",
      "location" : "https://github.com/keefertaylor/Base58Swift.git",
      "state" : {
        "revision" : "1c13ea6b07f1584660526f8bde3d4cc150e91acd",
        "version" : "2.1.14"
      }
    },
    {
      "identity" : "bigint",
      "kind" : "remoteSourceControl",
      "location" : "https://github.com/attaswift/BigInt.git",
      "state" : {
        "revision" : "0ed110f7555c34ff468e72e1686e59721f2b0da6",
        "version" : "5.3.0"
      }
    },
    {
      "identity" : "hw-transport-ios-ble",
      "kind" : "remoteSourceControl",
      "location" : "https://github.com/LedgerHQ/hw-transport-ios-ble",
      "state" : {
        "branch" : "CoreBluetooth",
        "revision" : "e3f16e99085bc92b308a4ce4883478614ad6c54d"
      }
    },
    {
      "identity" : "ios-ble-wrapper",
      "kind" : "remoteSourceControl",
      "location" : "https://github.com/LedgerHQ/ios-ble-wrapper",
      "state" : {
        "branch" : "CoreBluetooth",
        "revision" : "6681c5d94be93cb2d45585c0a9ea1bf3031f9c6f"
      }
    }
  ],
  "version" : 2
}
